
Microsoft Visual Studio Solution File, Format Version 12.00
# Visual Studio Version 16
VisualStudioVersion = 16.0.30204.135
MinimumVisualStudioVersion = 10.0.40219.1
Project("{FAE04EC0-301F-11D3-BF4B-00C04F79EFBC}") = "IP Monitor", "IP Monitor\IP Monitor.csproj", "{8EA7B748-0E17-4272-8B9F-A5E27D7F04A9}"
EndProject
Global
	GlobalSection(SolutionConfigurationPlatforms) = preSolution
		Debug|Any CPU = Debug|Any CPU
		Release|Any CPU = Release|Any CPU
	EndGlobalSection
	GlobalSection(ProjectConfigurationPlatforms) = postSolution
		{8EA7B748-0E17-4272-8B9F-A5E27D7F04A9}.Debug|Any CPU.ActiveCfg = Debug|Any CPU
		{8EA7B748-0E17-4272-8B9F-A5E27D7F04A9}.Debug|Any CPU.Build.0 = Debug|Any CPU
		{8EA7B748-0E17-4272-8B9F-A5E27D7F04A9}.Release|Any CPU.ActiveCfg = Release|Any CPU
		{8EA7B748-0E17-4272-8B9F-A5E27D7F04A9}.Release|Any CPU.Build.0 = Release|Any CPU
	EndGlobalSection
	GlobalSection(SolutionProperties) = preSolution
		HideSolutionNode = FALSE
	EndGlobalSection
	GlobalSection(ExtensibilityGlobals) = postSolution
		SolutionGuid = {658EC0D4-DDA3-4194-B27D-8E52078FD690}
	EndGlobalSection
EndGlobal
